
Microsoft Visual Studio Solution File, Format Version 12.00
# Visual Studio 15
VisualStudioVersion = 15.0.26430.16
MinimumVisualStudioVersion = 10.0.40219.1
Project("{8BC9CEB8-8B4A-11D0-8D11-00A0C91BC942}") = "Work1", "Work1\Work1.vcxproj", "{D61C8A34-04BA-4CE6-90F4-ED35B104DEA0}"
EndProject
Project("{8BC9CEB8-8B4A-11D0-8D11-00A0C91BC942}") = "Work2", "Work2\Work2.vcxproj", "{510C9F25-4A5C-49EE-8EC9-FA9B5BC51410}"
EndProject
Project("{8BC9CEB8-8B4A-11D0-8D11-00A0C91BC942}") = "Work3", "Work3\Work3.vcxproj", "{2707D5EF-F515-47E3-9414-F6844F2B0F3E}"
EndProject
Project("{8BC9CEB8-8B4A-11D0-8D11-00A0C91BC942}") = "Work4", "Work4\Work4.vcxproj", "{8918B145-6643-4A33-BBB1-ACF4C6C363EC}"
EndProject
Project("{8BC9CEB8-8B4A-11D0-8D11-00A0C91BC942}") = "Work5", "Work5\Work5.vcxproj", "{717F6FB5-5F19-4F78-BE79-D7170C3B7075}"
EndProject
Project("{8BC9CEB8-8B4A-11D0-8D11-00A0C91BC942}") = "Work6", "Work6\Work6.vcxproj", "{CDF24ED6-3E97-45B1-B2A5-0D4DE0CE9E34}"
EndProject
Project("{8BC9CEB8-8B4A-11D0-8D11-00A0C91BC942}") = "Work7", "Work7\Work7.vcxproj", "{7E914EAC-25FA-48B3-94E2-4F641B7CB221}"
EndProject
Global
	GlobalSection(SolutionConfigurationPlatforms) = preSolution
		Debug|x64 = Debug|x64
		Debug|x86 = Debug|x86
		Release|x64 = Release|x64
		Release|x86 = Release|x86
	EndGlobalSection
	GlobalSection(ProjectConfigurationPlatforms) = postSolution
		{D61C8A34-04BA-4CE6-90F4-ED35B104DEA0}.Debug|x64.ActiveCfg = Debug|x64
		{D61C8A34-04BA-4CE6-90F4-ED35B104DEA0}.Debug|x64.Build.0 = Debug|x64
		{D61C8A34-04BA-4CE6-90F4-ED35B104DEA0}.Debug|x86.ActiveCfg = Debug|Win32
		{D61C8A34-04BA-4CE6-90F4-ED35B104DEA0}.Debug|x86.Build.0 = Debug|Win32
		{D61C8A34-04BA-4CE6-90F4-ED35B104DEA0}.Release|x64.ActiveCfg = Release|x64
		{D61C8A34-04BA-4CE6-90F4-ED35B104DEA0}.Release|x64.Build.0 = Release|x64
		{D61C8A34-04BA-4CE6-90F4-ED35B104DEA0}.Release|x86.ActiveCfg = Release|Win32
		{D61C8A34-04BA-4CE6-90F4-ED35B104DEA0}.Release|x86.Build.0 = Release|Win32
		{510C9F25-4A5C-49EE-8EC9-FA9B5BC51410}.Debug|x64.ActiveCfg = Debug|x64
		{510C9F25-4A5C-49EE-8EC9-FA9B5BC51410}.Debug|x64.Build.0 = Debug|x64
		{510C9F25-4A5C-49EE-8EC9-FA9B5BC51410}.Debug|x86.ActiveCfg = Debug|Win32
		{510C9F25-4A5C-49EE-8EC9-FA9B5BC51410}.Debug|x86.Build.0 = Debug|Win32
		{510C9F25-4A5C-49EE-8EC9-FA9B5BC51410}.Release|x64.ActiveCfg = Release|x64
		{510C9F25-4A5C-49EE-8EC9-FA9B5BC51410}.Release|x64.Build.0 = Release|x64
		{510C9F25-4A5C-49EE-8EC9-FA9B5BC51410}.Release|x86.ActiveCfg = Release|Win32
		{510C9F25-4A5C-49EE-8EC9-FA9B5BC51410}.Release|x86.Build.0 = Release|Win32
		{2707D5EF-F515-47E3-9414-F6844F2B0F3E}.Debug|x64.ActiveCfg = Debug|x64
		{2707D5EF-F515-47E3-9414-F6844F2B0F3E}.Debug|x64.Build.0 = Debug|x64
		{2707D5EF-F515-47E3-9414-F6844F2B0F3E}.Debug|x86.ActiveCfg = Debug|Win32
		{2707D5EF-F515-47E3-9414-F6844F2B0F3E}.Debug|x86.Build.0 = Debug|Win32
		{2707D5EF-F515-47E3-9414-F6844F2B0F3E}.Release|x64.ActiveCfg = Release|x64
		{2707D5EF-F515-47E3-9414-F6844F2B0F3E}.Release|x64.Build.0 = Release|x64
		{2707D5EF-F515-47E3-9414-F6844F2B0F3E}.Release|x86.ActiveCfg = Release|Win32
		{2707D5EF-F515-47E3-9414-F6844F2B0F3E}.Release|x86.Build.0 = Release|Win32
		{8918B145-6643-4A33-BBB1-ACF4C6C363EC}.Debug|x64.ActiveCfg = Debug|x64
		{8918B145-6643-4A33-BBB1-ACF4C6C363EC}.Debug|x64.Build.0 = Debug|x64
		{8918B145-6643-4A33-BBB1-ACF4C6C363EC}.Debug|x86.ActiveCfg = Debug|Win32
		{8918B145-6643-4A33-BBB1-ACF4C6C363EC}.Debug|x86.Build.0 = Debug|Win32
		{8918B145-6643-4A33-BBB1-ACF4C6C363EC}.Release|x64.ActiveCfg = Release|x64
		{8918B145-6643-4A33-BBB1-ACF4C6C363EC}.Release|x64.Build.0 = Release|x64
		{8918B145-6643-4A33-BBB1-ACF4C6C363EC}.Release|x86.ActiveCfg = Release|Win32
		{8918B145-6643-4A33-BBB1-ACF4C6C363EC}.Release|x86.Build.0 = Release|Win32
		{717F6FB5-5F19-4F78-BE79-D7170C3B7075}.Debug|x64.ActiveCfg = Debug|x64
		{717F6FB5-5F19-4F78-BE79-D7170C3B7075}.Debug|x64.Build.0 = Debug|x64
		{717F6FB5-5F19-4F78-BE79-D7170C3B7075}.Debug|x86.ActiveCfg = Debug|Win32
		{717F6FB5-5F19-4F78-BE79-D7170C3B7075}.Debug|x86.Build.0 = Debug|Win32
		{717F6FB5-5F19-4F78-BE79-D7170C3B7075}.Release|x64.ActiveCfg = Release|x64
		{717F6FB5-5F19-4F78-BE79-D7170C3B7075}.Release|x64.Build.0 = Release|x64
		{717F6FB5-5F19-4F78-BE79-D7170C3B7075}.Release|x86.ActiveCfg = Release|Win32
		{717F6FB5-5F19-4F78-BE79-D7170C3B7075}.Release|x86.Build.0 = Release|Win32
		{CDF24ED6-3E97-45B1-B2A5-0D4DE0CE9E34}.Debug|x64.ActiveCfg = Debug|x64
		{CDF24ED6-3E97-45B1-B2A5-0D4DE0CE9E34}.Debug|x64.Build.0 = Debug|x64
		{CDF24ED6-3E97-45B1-B2A5-0D4DE0CE9E34}.Debug|x86.ActiveCfg = Debug|Win32
		{CDF24ED6-3E97-45B1-B2A5-0D4DE0CE9E34}.Debug|x86.Build.0 = Debug|Win32
		{CDF24ED6-3E97-45B1-B2A5-0D4DE0CE9E34}.Release|x64.ActiveCfg = Release|x64
		{CDF24ED6-3E97-45B1-B2A5-0D4DE0CE9E34}.Release|x64.Build.0 = Release|x64
		{CDF24ED6-3E97-45B1-B2A5-0D4DE0CE9E34}.Release|x86.ActiveCfg = Release|Win32
		{CDF24ED6-3E97-45B1-B2A5-0D4DE0CE9E34}.Release|x86.Build.0 = Release|Win32
		{7E914EAC-25FA-48B3-94E2-4F641B7CB221}.Debug|x64.ActiveCfg = Debug|x64
		{7E914EAC-25FA-48B3-94E2-4F641B7CB221}.Debug|x64.Build.0 = Debug|x64
		{7E914EAC-25FA-48B3-94E2-4F641B7CB221}.Debug|x86.ActiveCfg = Debug|Win32
		{7E914EAC-25FA-48B3-94E2-4F641B7CB221}.Debug|x86.Build.0 = Debug|Win32
		{7E914EAC-25FA-48B3-94E2-4F641B7CB221}.Release|x64.ActiveCfg = Release|x64
		{7E914EAC-25FA-48B3-94E2-4F641B7CB221}.Release|x64.Build.0 = Release|x64
		{7E914EAC-25FA-48B3-94E2-4F641B7CB221}.Release|x86.ActiveCfg = Release|Win32
		{7E914EAC-25FA-48B3-94E2-4F641B7CB221}.Release|x86.Build.0 = Release|Win32
	EndGlobalSection
	GlobalSection(SolutionProperties) = preSolution
		HideSolutionNode = FALSE
	EndGlobalSection
EndGlobal
